{
  "name": "manual-usage",
  "version": "1.0.0",
  "lockfileVersion": 3,
  "requires": true,
  "packages": {
    "": {
      "name": "manual-usage",
      "version": "1.0.0",
      "license": "ISC",
      "dependencies": {
        "vban": "^1.5.0"
      }
    },
    "node_modules/vban": {
      "version": "1.5.0",
      "resolved": "https://registry.npmjs.org/vban/-/vban-1.5.0.tgz",
      "integrity": "sha512-Pt1geBDMcjeVJqCZE/ByfZiN0IPAx/DrJcZGclLXVGcUZ+uxidtfWEu31M154rbH/VzesS/3/faGgzGldQcZzA==",
      "license": "MIT"
    }
  }
}
